{
  "name": "sheets-json-api/",
  "version": "1.0.0",
  "lockfileVersion": 3,
  "requires": true,
  "packages": {
    "": {
      "name": "sheets-json-api/",
      "version": "1.0.0",
      "license": "MIT",
      "dependencies": {
        "dotenv": "^17.4.2",
        "posthog-node": "^5.51.4"
      }
    },
    "node_modules/@posthog/core": {
      "version": "1.49.2",
      "resolved": "https://registry.npmjs.org/@posthog/core/-/core-1.49.2.tgz",
      "integrity": "sha512-AXHDo/4nisUg7OPG1TQNgREK7n+chBQXLQyttp7bDTDsDg2k9lV06TmnpvuNbwJs53q9mP9hjezKEZu4fYadfg==",
      "license": "MIT",
      "dependencies": {
        "@posthog/types": "^1.407.1"
      }
    },
    "node_modules/@posthog/types": {
      "version": "1.407.1",
      "resolved": "https://registry.npmjs.org/@posthog/types/-/types-1.407.1.tgz",
      "integrity": "sha512-WhbkXPC2rgylXqmxHqv70ffI3k+KxyR6s7DBIfr5NvIqHkxp6v0pk31D/jbz0DNVbzwkLjyll2pxr4FNbJiYzg==",
      "license": "MIT"
    },
    "node_modules/dotenv": {
      "version": "17.4.2",
      "resolved": "https://registry.npmjs.org/dotenv/-/dotenv-17.4.2.tgz",
      "integrity": "sha512-nI4U3TottKAcAD9LLud4Cb7b2QztQMUEfHbvhTH09bqXTxnSie8WnjPALV/WMCrJZ6UV/qHJ6L03OqO3LcdYZw==",
      "license": "BSD-2-Clause",
      "engines": {
        "node": ">=12"
      },
      "funding": {
        "url": "https://dotenvx.com"
      }
    },
    "node_modules/posthog-node": {
      "version": "5.51.4",
      "resolved": "https://registry.npmjs.org/posthog-node/-/posthog-node-5.51.4.tgz",
      "integrity": "sha512-gI6JMBnU3vjDNclUBWonw3y7k8Y0UPIAVO4AQ2zu9eyW+7sY8UQRofx4JIA7IGYLMEbs4gykfogOmXp16+oUdg==",
      "license": "MIT",
      "dependencies": {
        "@posthog/core": "^1.49.1"
      },
      "engines": {
        "node": "^20.20.0 || >=22.22.0"
      },
      "peerDependencies": {
        "rxjs": "^7.0.0"
      },
      "peerDependenciesMeta": {
        "rxjs": {
          "optional": true
        }
      }
    }
  }
}
